
Microsoft Visual Studio Solution File, Format Version 12.00
# Visual Studio Version 16
VisualStudioVersion = 16.0.29326.143
MinimumVisualStudioVersion = 10.0.40219.1
Project("{FAE04EC0-301F-11D3-BF4B-00C04F79EFBC}") = "TestLogin", "TestLogin\TestLogin.csproj", "{B2B4F531-1E4C-49EA-9912-8148276A7C3C}"
	ProjectSection(ProjectDependencies) = postProject
		{49A47634-65D4-48E6-B504-E95B12C5DB8A} = {49A47634-65D4-48E6-B504-E95B12C5DB8A}
	EndProjectSection
EndProject
Project("{FAE04EC0-301F-11D3-BF4B-00C04F79EFBC}") = "DataLibrary1", "DataLibrary1\DataLibrary1.csproj", "{49A47634-65D4-48E6-B504-E95B12C5DB8A}"
EndProject
Project("{FAE04EC0-301F-11D3-BF4B-00C04F79EFBC}") = "ClientToService", "ClientToService\ClientToService.csproj", "{5255B3EC-7FC2-4E58-9E4E-BF95C8297A5B}"
	ProjectSection(ProjectDependencies) = postProject
		{49A47634-65D4-48E6-B504-E95B12C5DB8A} = {49A47634-65D4-48E6-B504-E95B12C5DB8A}
	EndProjectSection
EndProject
Global
	GlobalSection(SolutionConfigurationPlatforms) = preSolution
		Debug|Any CPU = Debug|Any CPU
		Release|Any CPU = Release|Any CPU
	EndGlobalSection
	GlobalSection(ProjectConfigurationPlatforms) = postSolution
		{B2B4F531-1E4C-49EA-9912-8148276A7C3C}.Debug|Any CPU.ActiveCfg = Debug|Any CPU
		{B2B4F531-1E4C-49EA-9912-8148276A7C3C}.Debug|Any CPU.Build.0 = Debug|Any CPU
		{B2B4F531-1E4C-49EA-9912-8148276A7C3C}.Release|Any CPU.ActiveCfg = Release|Any CPU
		{B2B4F531-1E4C-49EA-9912-8148276A7C3C}.Release|Any CPU.Build.0 = Release|Any CPU
		{49A47634-65D4-48E6-B504-E95B12C5DB8A}.Debug|Any CPU.ActiveCfg = Debug|Any CPU
		{49A47634-65D4-48E6-B504-E95B12C5DB8A}.Debug|Any CPU.Build.0 = Debug|Any CPU
		{49A47634-65D4-48E6-B504-E95B12C5DB8A}.Release|Any CPU.ActiveCfg = Release|Any CPU
		{49A47634-65D4-48E6-B504-E95B12C5DB8A}.Release|Any CPU.Build.0 = Release|Any CPU
		{5255B3EC-7FC2-4E58-9E4E-BF95C8297A5B}.Debug|Any CPU.ActiveCfg = Debug|Any CPU
		{5255B3EC-7FC2-4E58-9E4E-BF95C8297A5B}.Debug|Any CPU.Build.0 = Debug|Any CPU
		{5255B3EC-7FC2-4E58-9E4E-BF95C8297A5B}.Release|Any CPU.ActiveCfg = Release|Any CPU
		{5255B3EC-7FC2-4E58-9E4E-BF95C8297A5B}.Release|Any CPU.Build.0 = Release|Any CPU
	EndGlobalSection
	GlobalSection(SolutionProperties) = preSolution
		HideSolutionNode = FALSE
	EndGlobalSection
	GlobalSection(ExtensibilityGlobals) = postSolution
		SolutionGuid = {5FC3ECB0-A1EF-45E6-BA59-E4D1D54F24C7}
	EndGlobalSection
EndGlobal
